
Microsoft Visual Studio Solution File, Format Version 12.00
# Visual Studio 15
VisualStudioVersion = 15.0.27130.2010
MinimumVisualStudioVersion = 10.0.40219.1
Project("{9A19103F-16F7-4668-BE54-9A1E7A4F7556}") = "SharpPlug.AutoMapper", "SharpPlug.AutoMapper\SharpPlug.AutoMapper.csproj", "{5D8274C3-35AC-4F8D-B61E-484D1A35734E}"
EndProject
Project("{9A19103F-16F7-4668-BE54-9A1E7A4F7556}") = "SharpPlug.Core", "SharpPlug.Core\SharpPlug.Core.csproj", "{7936541D-0704-4E03-88D6-996E9D61F803}"
EndProject
Project("{9A19103F-16F7-4668-BE54-9A1E7A4F7556}") = "SharpPlug.ElasticSearch", "SharpPlug.ElasticSearch\SharpPlug.ElasticSearch.csproj", "{2DB8683E-B938-49A1-8910-C303EA5813B8}"
EndProject
Project("{9A19103F-16F7-4668-BE54-9A1E7A4F7556}") = "SharpPlug.Test", "SharpPlug.Test\SharpPlug.Test.csproj", "{0A2DB61D-0868-4432-9D32-DD908B8D7625}"
EndProject
Project("{9A19103F-16F7-4668-BE54-9A1E7A4F7556}") = "SharpPlug.WebApi", "SharpPlug.WebApi\SharpPlug.WebApi.csproj", "{8AC13458-A465-49FC-AB5C-C4166F40546D}"
EndProject
Project("{2150E333-8FDC-42A3-9474-1A3956D46DE8}") = "Test", "Test", "{42D8EA84-60FB-4373-8CDE-598A0976813D}"
EndProject
Project("{9A19103F-16F7-4668-BE54-9A1E7A4F7556}") = "SharpPlug.WebApiTest", "SharpPlug.WebApiTest\SharpPlug.WebApiTest.csproj", "{CC213572-B182-4575-A492-10E969E40DB7}"
EndProject
Project("{2150E333-8FDC-42A3-9474-1A3956D46DE8}") = "Src", "Src", "{45105641-86F7-4229-B394-044DF0923BBA}"
EndProject
Project("{FAE04EC0-301F-11D3-BF4B-00C04F79EFBC}") = "SharpPlug.EntityFrameworkCore", "SharpPlug.EntityFrameworkCore\SharpPlug.EntityFrameworkCore.csproj", "{F992491D-BE17-4F9A-B8CB-16C7361AA52C}"
EndProject
Global
	GlobalSection(SolutionConfigurationPlatforms) = preSolution
		Debug|Any CPU = Debug|Any CPU
		Release|Any CPU = Release|Any CPU
	EndGlobalSection
	GlobalSection(ProjectConfigurationPlatforms) = postSolution
		{5D8274C3-35AC-4F8D-B61E-484D1A35734E}.Debug|Any CPU.ActiveCfg = Debug|Any CPU
		{5D8274C3-35AC-4F8D-B61E-484D1A35734E}.Debug|Any CPU.Build.0 = Debug|Any CPU
		{5D8274C3-35AC-4F8D-B61E-484D1A35734E}.Release|Any CPU.ActiveCfg = Release|Any CPU
		{5D8274C3-35AC-4F8D-B61E-484D1A35734E}.Release|Any CPU.Build.0 = Release|Any CPU
		{7936541D-0704-4E03-88D6-996E9D61F803}.Debug|Any CPU.ActiveCfg = Debug|Any CPU
		{7936541D-0704-4E03-88D6-996E9D61F803}.Debug|Any CPU.Build.0 = Debug|Any CPU
		{7936541D-0704-4E03-88D6-996E9D61F803}.Release|Any CPU.ActiveCfg = Release|Any CPU
		{7936541D-0704-4E03-88D6-996E9D61F803}.Release|Any CPU.Build.0 = Release|Any CPU
		{2DB8683E-B938-49A1-8910-C303EA5813B8}.Debug|Any CPU.ActiveCfg = Debug|Any CPU
		{2DB8683E-B938-49A1-8910-C303EA5813B8}.Debug|Any CPU.Build.0 = Debug|Any CPU
		{2DB8683E-B938-49A1-8910-C303EA5813B8}.Release|Any CPU.ActiveCfg = Release|Any CPU
		{2DB8683E-B938-49A1-8910-C303EA5813B8}.Release|Any CPU.Build.0 = Release|Any CPU
		{0A2DB61D-0868-4432-9D32-DD908B8D7625}.Debug|Any CPU.ActiveCfg = Debug|Any CPU
		{0A2DB61D-0868-4432-9D32-DD908B8D7625}.Debug|Any CPU.Build.0 = Debug|Any CPU
		{0A2DB61D-0868-4432-9D32-DD908B8D7625}.Release|Any CPU.ActiveCfg = Release|Any CPU
		{0A2DB61D-0868-4432-9D32-DD908B8D7625}.Release|Any CPU.Build.0 = Release|Any CPU
		{8AC13458-A465-49FC-AB5C-C4166F40546D}.Debug|Any CPU.ActiveCfg = Debug|Any CPU
		{8AC13458-A465-49FC-AB5C-C4166F40546D}.Debug|Any CPU.Build.0 = Debug|Any CPU
		{8AC13458-A465-49FC-AB5C-C4166F40546D}.Release|Any CPU.ActiveCfg = Release|Any CPU
		{8AC13458-A465-49FC-AB5C-C4166F40546D}.Release|Any CPU.Build.0 = Release|Any CPU
		{CC213572-B182-4575-A492-10E969E40DB7}.Debug|Any CPU.ActiveCfg = Debug|Any CPU
		{CC213572-B182-4575-A492-10E969E40DB7}.Debug|Any CPU.Build.0 = Debug|Any CPU
		{CC213572-B182-4575-A492-10E969E40DB7}.Release|Any CPU.ActiveCfg = Release|Any CPU
		{CC213572-B182-4575-A492-10E969E40DB7}.Release|Any CPU.Build.0 = Release|Any CPU
		{F992491D-BE17-4F9A-B8CB-16C7361AA52C}.Debug|Any CPU.ActiveCfg = Debug|Any CPU
		{F992491D-BE17-4F9A-B8CB-16C7361AA52C}.Debug|Any CPU.Build.0 = Debug|Any CPU
		{F992491D-BE17-4F9A-B8CB-16C7361AA52C}.Release|Any CPU.ActiveCfg = Release|Any CPU
		{F992491D-BE17-4F9A-B8CB-16C7361AA52C}.Release|Any CPU.Build.0 = Release|Any CPU
	EndGlobalSection
	GlobalSection(SolutionProperties) = preSolution
		HideSolutionNode = FALSE
	EndGlobalSection
	GlobalSection(NestedProjects) = preSolution
		{5D8274C3-35AC-4F8D-B61E-484D1A35734E} = {45105641-86F7-4229-B394-044DF0923BBA}
		{7936541D-0704-4E03-88D6-996E9D61F803} = {45105641-86F7-4229-B394-044DF0923BBA}
		{2DB8683E-B938-49A1-8910-C303EA5813B8} = {45105641-86F7-4229-B394-044DF0923BBA}
		{0A2DB61D-0868-4432-9D32-DD908B8D7625} = {42D8EA84-60FB-4373-8CDE-598A0976813D}
		{8AC13458-A465-49FC-AB5C-C4166F40546D} = {45105641-86F7-4229-B394-044DF0923BBA}
		{CC213572-B182-4575-A492-10E969E40DB7} = {42D8EA84-60FB-4373-8CDE-598A0976813D}
		{F992491D-BE17-4F9A-B8CB-16C7361AA52C} = {45105641-86F7-4229-B394-044DF0923BBA}
	EndGlobalSection
	GlobalSection(ExtensibilityGlobals) = postSolution
		SolutionGuid = {382A3462-A165-4BA5-97B1-829D4E162676}
	EndGlobalSection
EndGlobal
