
Microsoft Visual Studio Solution File, Format Version 12.00
# Visual Studio 15
VisualStudioVersion = 15.0.27004.2009
MinimumVisualStudioVersion = 10.0.40219.1
Project("{FAE04EC0-301F-11D3-BF4B-00C04F79EFBC}") = "SharpPlug.Core", "NetCoreSharpPlugProject\SharpPlug.Core.csproj", "{7C9C4C98-FE13-476A-92EA-E20029AEB1E1}"
EndProject
Project("{FAE04EC0-301F-11D3-BF4B-00C04F79EFBC}") = "SharpPlug.AutoMapper", "SharpPlug.AutoMapper\SharpPlug.AutoMapper.csproj", "{5D8274C3-35AC-4F8D-B61E-484D1A35734E}"
EndProject
Global
	GlobalSection(SolutionConfigurationPlatforms) = preSolution
		Debug|Any CPU = Debug|Any CPU
		Release|Any CPU = Release|Any CPU
	EndGlobalSection
	GlobalSection(ProjectConfigurationPlatforms) = postSolution
		{7C9C4C98-FE13-476A-92EA-E20029AEB1E1}.Debug|Any CPU.ActiveCfg = Debug|Any CPU
		{7C9C4C98-FE13-476A-92EA-E20029AEB1E1}.Debug|Any CPU.Build.0 = Debug|Any CPU
		{7C9C4C98-FE13-476A-92EA-E20029AEB1E1}.Release|Any CPU.ActiveCfg = Release|Any CPU
		{7C9C4C98-FE13-476A-92EA-E20029AEB1E1}.Release|Any CPU.Build.0 = Release|Any CPU
		{5D8274C3-35AC-4F8D-B61E-484D1A35734E}.Debug|Any CPU.ActiveCfg = Debug|Any CPU
		{5D8274C3-35AC-4F8D-B61E-484D1A35734E}.Debug|Any CPU.Build.0 = Debug|Any CPU
		{5D8274C3-35AC-4F8D-B61E-484D1A35734E}.Release|Any CPU.ActiveCfg = Release|Any CPU
		{5D8274C3-35AC-4F8D-B61E-484D1A35734E}.Release|Any CPU.Build.0 = Release|Any CPU
	EndGlobalSection
	GlobalSection(SolutionProperties) = preSolution
		HideSolutionNode = FALSE
	EndGlobalSection
	GlobalSection(ExtensibilityGlobals) = postSolution
		SolutionGuid = {382A3462-A165-4BA5-97B1-829D4E162676}
	EndGlobalSection
EndGlobal
